schema: '2.0'
stages:
  process-claimants:
    cmd: papermill claimants.ipynb ../../output/claimants.ipynb
    deps:
    - path: ../../data/raw/claimants-by-pcon-2010-latest.csv
      hash: md5
      md5: 3e0aee2b4d885d15675a87bf0bd3d6e3
      size: 420850
    - path: ../../data/raw/population-estimates-by-pcon-2010-latest.csv
      hash: md5
      md5: 9aac6feb9b7be6aab6a9a63a1175ffb7
      size: 334976
    - path: claimants.ipynb
      hash: md5
      md5: 30c7baaea2834fae7597112313535cac
      size: 479196
    outs:
    - path: ../../data/processed/claimants/claimants-per-population-latest.csv
      hash: md5
      md5: b757b8bf6aff6e9912592358f78f5e6e
      size: 93681
