schema: '2.0'
stages:
  process-claimants:
    cmd: papermill claimants.ipynb ../../output/claimants.ipynb
    deps:
    - path: ../../data/raw/claimants-by-pcon-2010-latest.csv
      hash: md5
      md5: 8d096f1ec731056e903b0a38e1856671
      size: 426064
    - path: ../../data/raw/population-estimates-by-pcon-2010-latest.csv
      hash: md5
      md5: 9aac6feb9b7be6aab6a9a63a1175ffb7
      size: 334976
    - path: claimants.ipynb
      hash: md5
      md5: 30c7baaea2834fae7597112313535cac
      size: 479196
    outs:
    - path: ../../data/processed/claimants/claimants-per-population-latest.csv
      hash: md5
      md5: 9bc73c62ed644b9baa331aa27c2b1aae
      size: 93716
