schema: '2.0'
stages:
  prepare:
    cmd: papermill prepare.ipynb ../../output/prepare-neet-factors.ipynb
    deps:
    - path: ../../data/reference/Copy of NatCen 2023 - Administrative data on factors
        associated with youth NEET rates - Dataset.xlsx
      hash: md5
      md5: e61cb144a0e6ae9f9202ef686bde4208
      size: 5840597
    - path: prepare.ipynb
      hash: md5
      md5: d0d363666adda39da96ee36a55817b2e
      size: 335646
    outs:
    - path: ../../data/processed/yff/neet-factors.csv
      hash: md5
      md5: 7335083d5c50b867eb0ff321b0a71459
      size: 555225
  download:
    cmd: PYTHONPATH=../.. python3 download.py
    deps:
    - path: download.py
      hash: md5
      md5: 6c92cbb4fbd4b1d2b10a8cd2c982644f
      size: 7744
    outs:
    - path: ../../data/raw/neet-factors/
      hash: md5
      md5: 48dd3330007dd8935dc04e5bac5b6881.dir
      size: 113639201
      nfiles: 14
  collate:
    cmd: papermill collate.ipynb ../../output/collate-neet-factors.ipynb
    deps:
    - path: ../../data/raw/neet-factors/
      hash: md5
      md5: 48dd3330007dd8935dc04e5bac5b6881.dir
      size: 113639201
      nfiles: 14
    - path: collate.ipynb
      hash: md5
      md5: 4e8ca543118315918f5856ae62b40980
      size: 17594
    outs:
    - path: ../../data/processed/yff/neet-factors-sources.csv
      hash: md5
      md5: e124c000ab819a1869b095db904fbf6b
      size: 431990
