schema: '2.0'
stages:
  download:
    cmd: PYTHONPATH=../.. python download.py
    deps:
    - path: download.py
      hash: md5
      md5: 9f5f34db93edd6a0deb94428b3b8d5dc
      size: 1253
    outs:
    - path: ../../data/raw/education/16-18-destination-measures.zip
      hash: md5
      md5: 95ef26a046fa4207a2faaf52a094a1c6
      size: 19704289
    - path: ../../data/raw/education/key-stage-4-performance.zip
      hash: md5
      md5: 79350f84cf4e8a030a7d311afbc68987
      size: 7626620
  transform:
    cmd: papermill transform.ipynb ../../output/education-transform.ipynb
    deps:
    - path: ../../data/raw/education/
      hash: md5
      md5: 570c6898e2bf7c14dfdb866b9bb8d1a0.dir
      size: 27330909
      nfiles: 2
    - path: transform.ipynb
      hash: md5
      md5: 684c6e69f6917b4bc47ba9c52bac839f
      size: 20382
    outs:
    - path: ../../data/processed/dfe/destinations.csv
      hash: md5
      md5: 51dd394e13ad0374e43aa5ffaa2f63bf
      size: 6198726
    - path: ../../data/processed/dfe/destinations.metadata.json
      hash: md5
      md5: b7c2749c73b59d193803096611a41e73
      size: 6036
    - path: ../../data/processed/dfe/destinations.parquet
      hash: md5
      md5: 191daa24ed0e1dfe51ab5ae2a68bdcdb
      size: 166066
    - path: ../../data/processed/dfe/ks4_char_outcomes.csv
      hash: md5
      md5: 5246a735aa00bcdc2b01d1a578751522
      size: 23707387
    - path: ../../data/processed/dfe/ks4_char_outcomes.metadata.json
      hash: md5
      md5: d4e4de7b11a510921243779420757734
      size: 3984
    - path: ../../data/processed/dfe/ks4_char_outcomes.parquet
      hash: md5
      md5: ce4eb0e916ffe6dbfb3285b9669e0672
      size: 169975
    - path: ../../data/processed/dfe/ks4_outcomes.csv
      hash: md5
      md5: ec15396dd6d9b780f03a0860f96a3137
      size: 473820
    - path: ../../data/processed/dfe/ks4_outcomes.metadata.json
      hash: md5
      md5: 8952b1380dc94e262022b2721b800d91
      size: 3189
    - path: ../../data/processed/dfe/ks4_outcomes.parquet
      hash: md5
      md5: 673e45ad35463069c727c3304b4a39e8
      size: 17336
