schema: '2.0'
stages:
  download:
    cmd: PYTHONPATH=../.. python download.py
    deps:
    - path: download.py
      hash: md5
      md5: 6aae0f5a1740bb1c15d885b1d7fd7bd6
      size: 1113
    outs:
    - path: ../../data/raw/education/16-18-destination-measures.zip
      hash: md5
      md5: 707e6618c9968b16dd83443230ac7734
      size: 17335078
    - path: ../../data/raw/education/key-stage-4-performance.zip
      hash: md5
      md5: 4a08b3276c273a6f0d29a3ca94867a51
      size: 4845466
  transform:
    cmd: papermill transform.ipynb ../../output/education-transform.ipynb
    deps:
    - path: ../../data/raw/education/
      hash: md5
      md5: 92720c8f5baa0b6ac61ad04efc6491f9.dir
      size: 22180544
      nfiles: 2
    - path: transform.ipynb
      hash: md5
      md5: 4a0fc1a319248f367a0a5c3551ce8d96
      size: 11400
    outs:
    - path: ../../data/processed/dfe/ks4_char_outcomes.csv
      hash: md5
      md5: c06493900d02ba881e8459381720bdbf
      size: 13158312
    - path: ../../data/processed/dfe/ks4_char_outcomes.parquet
      hash: md5
      md5: 81f008369b9a8074a45e150f98f12db5
      size: 137279
    - path: ../../data/processed/dfe/ks4_outcomes.csv
      hash: md5
      md5: 3d80a0f448b28b75e4c092b8ec1e39e0
      size: 477470
    - path: ../../data/processed/dfe/ks4_outcomes.parquet
      hash: md5
      md5: 8cc91e7fda51cad858746bc64ff3f914
      size: 17358
