schema: '2.0'
stages:
  download:
    cmd: PYTHONPATH=../.. python download.py
    deps:
    - path: download.py
      hash: md5
      md5: d517506b898f29f8eefd7ae659510813
      size: 1568
    outs:
    - path: ../../data/reference/uk-constituencies-2023.hexjson
      hash: md5
      md5: 1712389cc5a3a7c37fb1752124ff5fdd
      size: 69992
