schema: '2.0'
stages:
  process-latest-by-pcon:
    cmd: papermill --no-progress-bar --no-report-mode latest-by-pcon.ipynb ../../output/labour-market-latest-by-pcon.ipynb
    deps:
    - path: ../../data/raw/LMS_latest_by_geo.csv
      hash: md5
      md5: d432fba032f398038e4b5cf7e1569856
      size: 3055861
    - path: latest-by-pcon.ipynb
      hash: md5
      md5: 16beeebdeab4fac2bd3cfa4812a00399
      size: 3412
    outs:
    - path: ../../data/processed/labour-market/latest_by_pcon_2010.csv
      hash: md5
      md5: fa0af3f1cf606b9bcf6e00a12da8bd40
      size: 1238898
  download-latest-monthly:
    cmd: papermill --no-progress-bar --no-report-mode get-latest-monthly-files.ipynb  ../../output/labour-market-latest-monthly-files.ipynb
    deps:
    - path: get-latest-monthly-files.ipynb
      hash: md5
      md5: 3e1479e26356b97d2dedf8ffe620c5bc
      size: 3074
    outs:
    - path: ../../data/raw/a06-latest.xls
      hash: md5
      md5: b55c248c9f370fcc9b99c6e0f0182abe
      size: 1420800
    - path: ../../data/raw/unem01-latest.xls
      hash: md5
      md5: e00ba8307ad88754c0aef5a65e4d9576
      size: 968192
  process-latest-a06:
    cmd: papermill --no-progress-bar --no-report-mode process-a06.ipynb ../../output/labour-market-a06.ipynb
    deps:
    - path: ../../data/raw/a06-latest.xls
      hash: md5
      md5: b55c248c9f370fcc9b99c6e0f0182abe
      size: 1420800
    - path: process-a06.ipynb
      hash: md5
      md5: 81ea6bc97f543d243a96eebafd683fdc
      size: 3045
    outs:
    - path: ../../data/metadata/labour-market/a06-codes.csv
      hash: md5
      md5: d69c5f3c000d7af1e81230b1d534fdaf
      size: 14290
    - path: ../../data/processed/labour-market/a06.csv
      hash: md5
      md5: 09fc5740410ef57ca0dc590b35fe4ebe
      size: 3333105
  process-latest-unem01:
    cmd: papermill --no-progress-bar --no-report-mode process-unem01.ipynb ../../output/labour-market-unem01.ipynb
    deps:
    - path: ../../data/raw/unem01-latest.xls
      hash: md5
      md5: e00ba8307ad88754c0aef5a65e4d9576
      size: 968192
    - path: process-unem01.ipynb
      hash: md5
      md5: a5ffa285de40b286ae15c747e9d82863
      size: 8596
    outs:
    - path: ../../data/metadata/labour-market/unem01-codes.csv
      hash: md5
      md5: 400a4e587dce00a949932aebb18a1ea4
      size: 5512
    - path: ../../data/processed/labour-market/unem01.csv
      hash: md5
      md5: 699a6a765ac753e6a1d857016b3e3a3a
      size: 3975529
