schema: '2.0'
stages:
  download:
    cmd: papermill --no-progress-bar --log-output --no-report-mode download.ipynb
      ../../output/vacancies-download.ipynb
    deps:
    - path: download.ipynb
      hash: md5
      md5: 58837e5db57580877874e9f5a166da70
      size: 3576
    outs:
    - path: ../../data/raw/vacancies-by-sector.csv
      hash: md5
      md5: 73cdb21df967c1b9bc62228901650409
      size: 885
  process:
    cmd: papermill --no-progress-bar --log-output --no-report-mode process.ipynb ../../output/vacancies-process.ipynb
    deps:
    - path: ../../data/raw/vacancies-by-sector.csv
      hash: md5
      md5: 73cdb21df967c1b9bc62228901650409
      size: 885
    - path: process.ipynb
      hash: md5
      md5: 73461e36385b458f3752a99d0d67b8d0
      size: 4904
    outs:
    - path: ../../data/processed/vacancies/vacancies-growth-by-sector.csv
      hash: md5
      md5: a6ecac09fb34a416fb2dd75072d5b7a6
      size: 2040
