schema: '2.0'
stages:
  download:
    cmd: papermill --no-progress-bar --log-output --no-report-mode download.ipynb
      ../../output/vacancies-download.ipynb
    deps:
    - path: download.ipynb
      hash: md5
      md5: 58837e5db57580877874e9f5a166da70
      size: 3576
    outs:
    - path: ../../data/raw/vacancies-by-sector.csv
      hash: md5
      md5: c9eec46d6d4f76dcd4c68553053888c7
      size: 888
  process:
    cmd: papermill --no-progress-bar --log-output --no-report-mode process.ipynb ../../output/vacancies-process.ipynb
    deps:
    - path: ../../data/raw/vacancies-by-sector.csv
      hash: md5
      md5: c9eec46d6d4f76dcd4c68553053888c7
      size: 888
    - path: process.ipynb
      hash: md5
      md5: d725b4ad0e9fb6dd5be296c7473fffa5
      size: 4730
    outs:
    - path: ../../data/processed/vacancies/vacancies-growth-by-sector.csv
      hash: md5
      md5: eb83432689d57ac33b63ecaaa7aedf96
      size: 2013
