schema: '2.0'
stages:
  download:
    cmd: papermill --no-progress-bar --log-output --no-report-mode download.ipynb
      ../../output/vacancies-download.ipynb
    deps:
    - path: download.ipynb
      hash: md5
      md5: 58837e5db57580877874e9f5a166da70
      size: 3576
    outs:
    - path: ../../data/raw/vacancies-by-sector.csv
      hash: md5
      md5: a7fcce2f9f63bb87daa29a384c3bd7cf
      size: 885
  process:
    cmd: papermill --no-progress-bar --log-output --no-report-mode process.ipynb ../../output/vacancies-process.ipynb
    deps:
    - path: ../../data/raw/vacancies-by-sector.csv
      hash: md5
      md5: a7fcce2f9f63bb87daa29a384c3bd7cf
      size: 885
    - path: process.ipynb
      hash: md5
      md5: 73461e36385b458f3752a99d0d67b8d0
      size: 4904
    outs:
    - path: ../../data/processed/vacancies/vacancies-growth-by-sector.csv
      hash: md5
      md5: 3b84beea0809cc1dfe490c8306a20aa7
      size: 2015
