schema: '2.0'
stages:
  process:
    cmd: papermill neet.ipynb -
    deps:
    - path: ../../../data/raw/education/key-stage-4-performance.zip
      hash: md5
      md5: 2d6d95a6861a1b9b0f1d21766f0143c4
      size: 7626620
    outs:
    - path: ../../../data/processed/areas/attainment_scores_pcon_2010.csv
      hash: md5
      md5: 1fc3c8fc4da05377b0c9bab48d75389a
      size: 72
