schema: '2.0'
stages:
  process:
    cmd: papermill neet.ipynb -
    deps:
    - path: ../../../data/raw/education/key-stage-4-performance.zip
      hash: md5
      md5: 79350f84cf4e8a030a7d311afbc68987
      size: 7626620
    outs:
    - path: ../../../data/processed/areas/attainment_scores_pcon_2010.csv
      hash: md5
      md5: 1fc3c8fc4da05377b0c9bab48d75389a
      size: 72
