schema: '2.0'
stages:
  download:
    cmd: PYTHONPATH=../../lib python download.py
    deps:
    - path: download.py
      hash: md5
      md5: 6712b7fdd3fef15037e06b7f6223ae55
      size: 656
    outs:
    - path: ../../data/raw/neet-latest.xlsx
      hash: md5
      md5: 16447fab0074639df68b1ca13d4f36e3
      size: 195066
  process:
    cmd: papermill --no-progress-bar process.ipynb ../../output/process-neet.ipynb
    deps:
    - path: ../../data/raw/neet-latest.xlsx
      hash: md5
      md5: 16447fab0074639df68b1ca13d4f36e3
      size: 195066
    - path: process.ipynb
      hash: md5
      md5: e5c65923dd0a70185bdf782c1120e61c
      size: 5103
    outs:
    - path: ../../data/metadata/codes/neet-codes.csv
      hash: md5
      md5: 25248995d16030256d2592cb7d0ae9bd
      size: 4266
    - path: ../../data/processed/neet.csv
      hash: md5
      md5: a6d894c2cdc326e9b9d803c8149457c8
      size: 355240
