schema: '2.0'
stages:
  download:
    cmd: PYTHONPATH=../.. python download.py
    deps:
    - path: download.py
      hash: md5
      md5: ac39a4eadec773df345dd7a5f228d39f
      size: 714
    outs:
    - path: ../../data/raw/neet-latest.xlsx
      hash: md5
      md5: add9332ae24d0ba5c5bd30a072edf345
      size: 211380
  process:
    cmd: papermill --no-progress-bar process.ipynb ../../output/process-neet.ipynb
    deps:
    - path: ../../data/raw/neet-latest.xlsx
      hash: md5
      md5: add9332ae24d0ba5c5bd30a072edf345
      size: 211380
    - path: process.ipynb
      hash: md5
      md5: cf619bbb20d7ba74b65a4b8c8c1d4cb2
      size: 6883
    outs:
    - path: ../../data/metadata/codes/neet-codes.csv
      hash: md5
      md5: 8eff7cfeedf044c717c4bf19dc0c4eb8
      size: 4266
    - path: ../../data/processed/neet.csv
      hash: md5
      md5: b056fbd70173aa3bc18e8ad7e0c2ab65
      size: 363397
