schema: '2.0'
stages:
  download:
    cmd: PYTHONPATH=../.. python download.py
    deps:
    - path: download.py
      hash: md5
      md5: ac39a4eadec773df345dd7a5f228d39f
      size: 714
    outs:
    - path: ../../data/raw/neet-latest.xlsx
      hash: md5
      md5: 84bba3875b03398d0ded823521bfa5c4
      size: 209923
  process:
    cmd: papermill --no-progress-bar process.ipynb ../../output/process-neet.ipynb
    deps:
    - path: ../../data/raw/neet-latest.xlsx
      hash: md5
      md5: 84bba3875b03398d0ded823521bfa5c4
      size: 209923
    - path: process.ipynb
      hash: md5
      md5: cf619bbb20d7ba74b65a4b8c8c1d4cb2
      size: 6883
    outs:
    - path: ../../data/metadata/codes/neet-codes.csv
      hash: md5
      md5: 91baf64bcca9650be3c6438eb79678d4
      size: 4266
    - path: ../../data/processed/neet.csv
      hash: md5
      md5: 9e73c3c0d9dd84a4281da79a86daac77
      size: 367480
