schema: '2.0'
stages:
  download-census:
    cmd: python download-census.py
    deps:
    - path: download-census.py
      hash: md5
      md5: 3d288e183c51cf45c9e7cbd88a790a28
      size: 6268
    outs:
    - path: ../../data/raw/census-employment.csv
      hash: md5
      md5: d70d8cf1f8531961ccaab5dd5b7199f2
      size: 3201083
  process-census:
    cmd: papermill process-census.ipynb ../../output/process-census.ipynb
    deps:
    - path: ../../data/raw/census-employment.csv
      hash: md5
      md5: d70d8cf1f8531961ccaab5dd5b7199f2
      size: 3201083
    - path: process-census.ipynb
      hash: md5
      md5: 41f96de8c85bbe23c6919572c29f70e0
      size: 3234
    outs:
    - path: ../../data/processed/census/employment-status.csv
      hash: md5
      md5: aa01ca494c03e7332df9264cbb1a3527
      size: 2565260
