schema: '2.0'
stages:
  download-census:
    cmd: python download-census.py
    deps:
    - path: download-census.py
      hash: md5
      md5: cce5f8d0cfd11c976692cb2a7ff6332d
      size: 6257
    outs:
    - path: ../../data/raw/census.csv
      hash: md5
      md5: d70d8cf1f8531961ccaab5dd5b7199f2
      size: 3201083
  process-census:
    cmd: papermill process-census.ipynb ../../output/process-census.ipynb
    deps:
    - path: ../../data/raw/census.csv
      hash: md5
      md5: d70d8cf1f8531961ccaab5dd5b7199f2
      size: 3201083
    - path: process-census.ipynb
      hash: md5
      md5: b068ef75c2e700a656cfb6cbd51c9bf9
      size: 3223
    outs:
    - path: ../../data/processed/census/employment-status.csv
      hash: md5
      md5: aa01ca494c03e7332df9264cbb1a3527
      size: 2565260
