schema: '2.0'
stages:
  check-for-page-updates:
    cmd: python control.py
    deps:
    - path: control.py
      hash: md5
      md5: 64b22dddf96633c84341fbb72271d0c3
      size: 542
    outs:
    - path: control.csv
      hash: md5
      md5: 934a0caa245c0407a70d196e3b8a936e
      size: 9
  nomis-download:
    cmd: python nomis.py
    deps:
    - path: nomis.py
      hash: md5
      md5: 7c40270bf7ad1e4922e0def3948438b6
      size: 17151
    outs:
    - path: ../data/raw/census-employment.csv
      hash: md5
      md5: e6b993be28111700e3da6b52e95e353a
      size: 7596612
    - path: ../data/raw/claimants-by-pcon-2010-latest.csv
      hash: md5
      md5: 38e89cc7db1b844dfb52a6c5956cdfa2
      size: 419540
    - path: ../data/raw/population-estimates-by-pcon-2010-latest.csv
      hash: md5
      md5: 9aac6feb9b7be6aab6a9a63a1175ffb7
      size: 334976
  process-claimants:
    cmd: papermill claimants.ipynb ../output/claimants.ipynb
    deps:
    - path: ../data/raw/claimants-by-pcon-2010-latest.csv
      hash: md5
      md5: 7f387e1ef61579c73dd4f5a496150091
      size: 488162
    - path: ../data/raw/population-estimates-by-pcon-2010-latest.csv
      hash: md5
      md5: 347e6eb05cdb45f1d08a2d9437bb6956
      size: 383023
    - path: claimants.ipynb
      hash: md5
      md5: 9637e25a5e987195849c51e86855ff2b
      size: 479184
    outs:
    - path: ../data/processed/claimants/claimants-per-population-latest.csv
      hash: md5
      md5: 228603218411824d513e0774f6429760
      size: 93676
  trigger-site-data:
    cmd: python trigger.py
    deps:
    - path: ../data/metadata
      hash: md5
      md5: da19f46c275e8d4263f45c37f43cf3c1.dir
      size: 615442
      nfiles: 4
    - path: ../data/processed
      hash: md5
      md5: 64a0c544db4dbf64d1f85c13fbab778e.dir
      size: 50248910
      nfiles: 7
    - path: trigger.py
      hash: md5
      md5: 14ccb69d7e308d2063db4a6212fd850d
      size: 515
  write-metadata:
    cmd: papermill --no-progress-bar --no-report-mode metadata.ipynb ../output/metadata.ipynb
    deps:
    - path: ../data/metadata/codes/
      hash: md5
      md5: 16b1ebbbf1e46c3878472e7424092efd.dir
      size: 596919
      nfiles: 5
    - path: metadata.ipynb
      hash: md5
      md5: a5edc8a0995089c00917fdef9fd05ca7
      size: 2480
    outs:
    - path: ../data/metadata/metadata.csv
      hash: md5
      md5: 48c6f3bfd7470ccd0e6100de75de266b
      size: 201
