schema: '2.0'
stages:
  check-for-page-updates:
    cmd: python control.py
    deps:
    - path: control.py
      hash: md5
      md5: 64b22dddf96633c84341fbb72271d0c3
      size: 542
    outs:
    - path: control.csv
      hash: md5
      md5: 281cbe09548cd37943a80f132c03d510
      size: 400
  nomis-download:
    cmd: python nomis.py
    deps:
    - path: nomis.py
      hash: md5
      md5: 47ec604aa9c59a1ee1e41e2649959bc4
      size: 11405
    outs:
    - path: ../data/raw/claimants-by-pcon-2010-latest.csv
      hash: md5
      md5: 7f387e1ef61579c73dd4f5a496150091
      size: 488162
    - path: ../data/raw/population-estimates-by-pcon-2010-latest.csv
      hash: md5
      md5: 347e6eb05cdb45f1d08a2d9437bb6956
      size: 383023
  process-claimants:
    cmd: papermill claimants.ipynb ../output/claimants.ipynb
    deps:
    - path: ../data/raw/claimants-by-pcon-2010-latest.csv
      hash: md5
      md5: 7f387e1ef61579c73dd4f5a496150091
      size: 488162
    - path: ../data/raw/population-estimates-by-pcon-2010-latest.csv
      hash: md5
      md5: 347e6eb05cdb45f1d08a2d9437bb6956
      size: 383023
    - path: claimants.ipynb
      hash: md5
      md5: 9637e25a5e987195849c51e86855ff2b
      size: 479184
    outs:
    - path: ../data/processed/claimants/claimants-per-population-latest.csv
      hash: md5
      md5: 228603218411824d513e0774f6429760
      size: 93676
