schema: '2.0'
stages:
  get:
    cmd: python get.py
    deps:
    - path: get.py
      hash: md5
      md5: 7ae64a527173ff903cfb3e4c27270ab3
      size: 339
    outs:
    - path: ../../data/raw/mm23.csv
      hash: md5
      md5: 02ffd24fb9f0422b44b4245a4f058ff1
      size: 21987050
  process:
    cmd: papermill --no-progress-bar --no-report-mode process.ipynb ../../output/process-mm23.ipynb
    deps:
    - path: ../../data/raw/mm23.csv
      hash: md5
      md5: 02ffd24fb9f0422b44b4245a4f058ff1
      size: 21987050
    - path: process.ipynb
      hash: md5
      md5: 074454ac2b562027be7cbd84a73a5534
      size: 10700
    outs:
    - path: ../../data/metadata/codes/mm23-codes.csv
      hash: md5
      md5: 83bd378b2ba90ee84ca2546ff6f51dc9
      size: 398026
    - path: ../../data/processed/cpi/mm23.csv
      hash: md5
      md5: f005c73dc7d1dd709d3e78544e2253d4
      size: 24858672
