schema: '2.0'
stages:
  download:
    cmd: PYTHONPATH=../.. python download.py
    deps:
    - path: download.py
      hash: md5
      md5: 38376e2793d553ed4070fd13ff4b872a
      size: 2876
    outs:
    - path: ../../data/raw/oecd/lfs_by_sex_and_age.csv
      hash: md5
      md5: 20655b5291b88782164a252e1861506c
      size: 14996995
    - path: ../../data/raw/oecd/neet.csv
      hash: md5
      md5: 9e6babef70a79f41648d1f368cc6d68c
      size: 238059
    - path: ../../data/raw/oecd/wage_levels.csv
      hash: md5
      md5: 8329b37e17a5cd59af592a22033002b9
      size: 1199573
  transform:
    cmd: papermill --no-progress-bar --no-report-mode transform.ipynb ../../output/oecd-transform.ipynb
    deps:
    - path: ../../data/raw/oecd/
      hash: md5
      md5: 0a09bbf2d826605203c8b1bf939786e5.dir
      size: 16623829
      nfiles: 4
    - path: transform.ipynb
      hash: md5
      md5: 18bbab739b9d150eaa1d68978b7b4880
      size: 21136
    outs:
    - path: ../../data/processed/oecd/lfs_by_sex_and_age.csv
      hash: md5
      md5: 6769e410f27bee1647573c4eaa8bf178
      size: 3542395
    - path: ../../data/processed/oecd/neet.csv
      hash: md5
      md5: 53e0e9633fa63ce5a87d229e96edfe56
      size: 326832
    - path: ../../data/processed/oecd/wage_levels.csv
      hash: md5
      md5: 5a3c4bc30dfacee031b8d18a252949b3
      size: 55196
  transform-neet:
    cmd: python transform-neet.py
    deps:
    - path: ../../data/raw/oecd/neet.csv
      hash: md5
      md5: 9e6babef70a79f41648d1f368cc6d68c
      size: 238059
    - path: transform-neet.py
      hash: md5
      md5: 1002aeb886a2c57070f64e50d88f9b6c
      size: 526
    outs:
    - path: ../../data/processed/oecd/neet.csv
      hash: md5
      md5: 178a1099adcae644aae8906c213275fb
      size: 36454
  transform-wage-levels:
    cmd: python transform-wage-levels.py
    deps:
    - path: ../../data/raw/oecd/wage_levels.csv
      hash: md5
      md5: 8329b37e17a5cd59af592a22033002b9
      size: 1199573
    - path: transform-wage-levels.py
      hash: md5
      md5: 5fe78fcafac6ef560734872b685d7927
      size: 570
    outs:
    - path: ../../data/processed/oecd/wage_levels.csv
      hash: md5
      md5: 96c2f9ab4f68c3d7b8a9564b5e69dee3
      size: 292799
