schema: '2.0'
stages:
  download:
    cmd: PYTHONPATH=../.. python download.py
    deps:
    - path: download.py
      hash: md5
      md5: df37b283f452bde62c1c036cc7170be9
      size: 2923
    outs:
    - path: ../../data/raw/oecd/lfs_by_sex_and_age.csv
      hash: md5
      md5: ff4961ec27b0db124aa910aebe537299
      size: 14996988
    - path: ../../data/raw/oecd/neet.csv
      hash: md5
      md5: 4c54dc0b9a51c6d112c4bd9781b4a735
      size: 564378
    - path: ../../data/raw/oecd/wage_levels.csv
      hash: md5
      md5: 8329b37e17a5cd59af592a22033002b9
      size: 1199573
  transform:
    cmd: papermill --no-progress-bar --no-report-mode transform.ipynb ../../output/oecd-transform.ipynb
    deps:
    - path: ../../data/raw/oecd/
      hash: md5
      md5: 0a09bbf2d826605203c8b1bf939786e5.dir
      size: 16623829
      nfiles: 4
    - path: transform.ipynb
      hash: md5
      md5: 18bbab739b9d150eaa1d68978b7b4880
      size: 21136
    outs:
    - path: ../../data/processed/oecd/lfs_by_sex_and_age.csv
      hash: md5
      md5: 6769e410f27bee1647573c4eaa8bf178
      size: 3542395
    - path: ../../data/processed/oecd/neet.csv
      hash: md5
      md5: 53e0e9633fa63ce5a87d229e96edfe56
      size: 326832
    - path: ../../data/processed/oecd/wage_levels.csv
      hash: md5
      md5: 5a3c4bc30dfacee031b8d18a252949b3
      size: 55196
  transform-neet:
    cmd: python transform-neet.py
    deps:
    - path: ../../data/raw/oecd/neet.csv
      hash: md5
      md5: 4c54dc0b9a51c6d112c4bd9781b4a735
      size: 564378
    - path: transform-neet.py
      hash: md5
      md5: 5f5be49004b8104cc8d19543639584bb
      size: 489
    outs:
    - path: ../../data/processed/oecd/neet.csv
      hash: md5
      md5: 08c53cf503cc226b6b9f4a7cd6094155
      size: 162522
  transform-wage-levels:
    cmd: python transform-wage-levels.py
    deps:
    - path: ../../data/raw/oecd/wage_levels.csv
      hash: md5
      md5: 8329b37e17a5cd59af592a22033002b9
      size: 1199573
    - path: transform-wage-levels.py
      hash: md5
      md5: 5fe78fcafac6ef560734872b685d7927
      size: 570
    outs:
    - path: ../../data/processed/oecd/wage_levels.csv
      hash: md5
      md5: 96c2f9ab4f68c3d7b8a9564b5e69dee3
      size: 292799
