schema: '2.0'
stages:
  process@unem:
    cmd: papermill process.ipynb ../../output/ons-process-unem.ipynb -p dataset unem
      -p url 
      https://www.ons.gov.uk/file?uri=/employmentandlabourmarket/peoplenotinwork/unemployment/datasets/claimantcountandvacanciesdataset/current/unem.csv
    deps:
    - path: ../../data/raw/unem.csv
      hash: md5
      md5: c7c73616eeeb3f9ba7e5f29d3b44ebbc
      size: 992899
    - path: process.ipynb
      hash: md5
      md5: 7252295e9f7ec2a8bf7f27667cb9551f
      size: 2590
    outs:
    - path: ../../data/metadata/codes/unem-codes.csv
      hash: md5
      md5: e0e14f8c23fdb59880b5fe2962fe6546
      size: 33842
    - path: ../../data/processed/unem.csv
      hash: md5
      md5: 11b39ff1c5b5340bbd959c5a151259fe
      size: 3725897
  process@mm23:
    cmd: papermill process.ipynb ../../output/ons-process-mm23.ipynb -p dataset mm23
      -p url 
      https://www.ons.gov.uk/file?uri=/economy/inflationandpriceindices/datasets/consumerpriceindices/current/mm23.csv
    deps:
    - path: ../../data/raw/mm23.csv
      hash: md5
      md5: 7f8ef26a6a8f984d74bb214baec135a1
      size: 10534453
    - path: process.ipynb
      hash: md5
      md5: 7252295e9f7ec2a8bf7f27667cb9551f
      size: 2590
    outs:
    - path: ../../data/metadata/codes/mm23-codes.csv
      hash: md5
      md5: 2fad368e72109b87dd1ef13b8a9e5087
      size: 377768
    - path: ../../data/processed/mm23.csv
      hash: md5
      md5: 1bbb24a7b0f87ae22af0f64f40f0816c
      size: 25730083
  process@lms:
    cmd: papermill process.ipynb ../../output/ons-process-lms.ipynb -p dataset lms
      -p url 
      https://www.ons.gov.uk/file?uri=/employmentandlabourmarket/peopleinwork/employmentandemployeetypes/datasets/labourmarketstatistics/current/lms.csv
    deps:
    - path: ../../data/raw/lms.csv
      hash: md5
      md5: 4751753e62530e1a4d89224087fe68f6
      size: 5760888
    - path: process.ipynb
      hash: md5
      md5: 7252295e9f7ec2a8bf7f27667cb9551f
      size: 2590
    outs:
    - path: ../../data/metadata/codes/lms-codes.csv
      hash: md5
      md5: a2f5a546b53594b76fd53137c17828ad
      size: 176969
    - path: ../../data/processed/lms.csv
      hash: md5
      md5: 2e44ea778966f5a6c12e79749e876228
      size: 18771940
  download@mm23:
    cmd: PYTHONPATH=../.. python download.py mm23 
      https://www.ons.gov.uk/file?uri=/economy/inflationandpriceindices/datasets/consumerpriceindices/current/mm23.csv
    deps:
    - path: download.py
      hash: md5
      md5: 6620e209ed9968e5640adf17e1797dd6
      size: 304
    outs:
    - path: ../../data/raw/mm23.csv
      hash: md5
      md5: 7f8ef26a6a8f984d74bb214baec135a1
      size: 10534453
  download@unem:
    cmd: PYTHONPATH=../.. python download.py unem 
      https://www.ons.gov.uk/file?uri=/employmentandlabourmarket/peoplenotinwork/unemployment/datasets/claimantcountandvacanciesdataset/current/unem.csv
    deps:
    - path: download.py
      hash: md5
      md5: 6620e209ed9968e5640adf17e1797dd6
      size: 304
    outs:
    - path: ../../data/raw/unem.csv
      hash: md5
      md5: c7c73616eeeb3f9ba7e5f29d3b44ebbc
      size: 992899
  download@lms:
    cmd: PYTHONPATH=../.. python download.py lms 
      https://www.ons.gov.uk/file?uri=/employmentandlabourmarket/peopleinwork/employmentandemployeetypes/datasets/labourmarketstatistics/current/lms.csv
    deps:
    - path: download.py
      hash: md5
      md5: 6620e209ed9968e5640adf17e1797dd6
      size: 304
    outs:
    - path: ../../data/raw/lms.csv
      hash: md5
      md5: 4751753e62530e1a4d89224087fe68f6
      size: 5760888
