schema: '2.0'
stages:
  process@unem:
    cmd: papermill process.ipynb ../../output/ons-process-unem.ipynb -p dataset unem
      -p url 
      https://www.ons.gov.uk/file?uri=/employmentandlabourmarket/peoplenotinwork/unemployment/datasets/claimantcountandvacanciesdataset/current/unem.csv
    deps:
    - path: ../../data/raw/unem.csv
      hash: md5
      md5: 8e77cf2fd83c903e3ca0deadd0e76b33
      size: 1620110
    - path: process.ipynb
      hash: md5
      md5: 60b7453ab496ab4dd98f5813833de424
      size: 4188
    outs:
    - path: ../../data/metadata/codes/unem-codes.csv
      hash: md5
      md5: b08d4dba89fdbe5271e40f25178cd7e3
      size: 35427
    - path: ../../data/processed/unem.csv
      hash: md5
      md5: 985ee5bc4ee9d4458b321d5790ccac5c
      size: 3641836
  process@mm23:
    cmd: papermill process.ipynb ../../output/ons-process-mm23.ipynb -p dataset mm23
      -p url 
      https://www.ons.gov.uk/file?uri=/economy/inflationandpriceindices/datasets/consumerpriceindices/current/mm23.csv
    deps:
    - path: ../../data/raw/mm23.csv
      hash: md5
      md5: d0f967c9bd28753d5796d901c95bfa60
      size: 22033590
    - path: process.ipynb
      hash: md5
      md5: 60b7453ab496ab4dd98f5813833de424
      size: 4188
    outs:
    - path: ../../data/metadata/codes/mm23-codes.csv
      hash: md5
      md5: bbba48be64a41a9f3f9118c0c9e875d5
      size: 402086
    - path: ../../data/processed/mm23.csv
      hash: md5
      md5: afb1f1e30c8a7c31860a61e225238bf1
      size: 24963991
  process@lms:
    cmd: papermill process.ipynb ../../output/ons-process-lms.ipynb -p dataset lms
      -p url 
      https://www.ons.gov.uk/file?uri=/employmentandlabourmarket/peopleinwork/employmentandemployeetypes/datasets/labourmarketstatistics/current/lms.csv
    deps:
    - path: ../../data/raw/lms.csv
      hash: md5
      md5: 9a6b4841ae2e20d462a63bc9b5db174a
      size: 10960377
    - path: process.ipynb
      hash: md5
      md5: 60b7453ab496ab4dd98f5813833de424
      size: 4188
    outs:
    - path: ../../data/metadata/codes/lms-codes.csv
      hash: md5
      md5: 1ab28b2730305c82dcdb124ce296a66b
      size: 181882
    - path: ../../data/processed/lms.csv
      hash: md5
      md5: 72d52598a0ba79effd075f9f66180a4d
      size: 17934704
  download@mm23:
    cmd: python download.py mm23 
      https://www.ons.gov.uk/file?uri=/economy/inflationandpriceindices/datasets/consumerpriceindices/current/mm23.csv
    deps:
    - path: download.py
      hash: md5
      md5: edf996605b8b03b6684b8969ab19a825
      size: 333
    outs:
    - path: ../../data/raw/mm23.csv
      hash: md5
      md5: d0f967c9bd28753d5796d901c95bfa60
      size: 22033590
  download@unem:
    cmd: python download.py unem 
      https://www.ons.gov.uk/file?uri=/employmentandlabourmarket/peoplenotinwork/unemployment/datasets/claimantcountandvacanciesdataset/current/unem.csv
    deps:
    - path: download.py
      hash: md5
      md5: edf996605b8b03b6684b8969ab19a825
      size: 333
    outs:
    - path: ../../data/raw/unem.csv
      hash: md5
      md5: 8e77cf2fd83c903e3ca0deadd0e76b33
      size: 1620110
  download@lms:
    cmd: python download.py lms 
      https://www.ons.gov.uk/file?uri=/employmentandlabourmarket/peopleinwork/employmentandemployeetypes/datasets/labourmarketstatistics/current/lms.csv
    deps:
    - path: download.py
      hash: md5
      md5: edf996605b8b03b6684b8969ab19a825
      size: 333
    outs:
    - path: ../../data/raw/lms.csv
      hash: md5
      md5: 9a6b4841ae2e20d462a63bc9b5db174a
      size: 10960377
