schema: '2.0'
stages:
  process@unem:
    cmd: papermill process.ipynb ../../output/ons-process-unem.ipynb -p dataset unem
      -p url 
      https://www.ons.gov.uk/file?uri=/employmentandlabourmarket/peoplenotinwork/unemployment/datasets/claimantcountandvacanciesdataset/current/unem.csv
    deps:
    - path: ../../data/raw/unem.csv
      hash: md5
      md5: 4a8eba72f0d513f1e73204235600def2
      size: 1625421
    - path: process.ipynb
      hash: md5
      md5: 60b7453ab496ab4dd98f5813833de424
      size: 4188
    outs:
    - path: ../../data/metadata/codes/unem-codes.csv
      hash: md5
      md5: 1562b3ff0238d6212747e3f236b422c0
      size: 35744
    - path: ../../data/processed/unem.csv
      hash: md5
      md5: 080ba758467b2f3ff4e109c9b346fe26
      size: 3654830
  process@mm23:
    cmd: papermill process.ipynb ../../output/ons-process-mm23.ipynb -p dataset mm23
      -p url 
      https://www.ons.gov.uk/file?uri=/economy/inflationandpriceindices/datasets/consumerpriceindices/current/mm23.csv
    deps:
    - path: ../../data/raw/mm23.csv
      hash: md5
      md5: 0468081e088089bde84fddd7f1f0e280
      size: 22055908
    - path: process.ipynb
      hash: md5
      md5: 60b7453ab496ab4dd98f5813833de424
      size: 4188
    outs:
    - path: ../../data/metadata/codes/mm23-codes.csv
      hash: md5
      md5: 04007528eeee2bcd2e76e101729d658d
      size: 402086
    - path: ../../data/processed/mm23.csv
      hash: md5
      md5: fdcdca24563c5119a3143d46aed1e332
      size: 25027767
  process@lms:
    cmd: papermill process.ipynb ../../output/ons-process-lms.ipynb -p dataset lms
      -p url 
      https://www.ons.gov.uk/file?uri=/employmentandlabourmarket/peopleinwork/employmentandemployeetypes/datasets/labourmarketstatistics/current/lms.csv
    deps:
    - path: ../../data/raw/lms.csv
      hash: md5
      md5: cf3c1ce387b5842b52fb750ab50601fc
      size: 11148589
    - path: process.ipynb
      hash: md5
      md5: 60b7453ab496ab4dd98f5813833de424
      size: 4188
    outs:
    - path: ../../data/metadata/codes/lms-codes.csv
      hash: md5
      md5: a5a8f629c6d354088063dafaeedc1b74
      size: 189655
    - path: ../../data/processed/lms.csv
      hash: md5
      md5: 9064ed42556d22c218b241542428af1b
      size: 17944847
  download@mm23:
    cmd: python download.py mm23 
      https://www.ons.gov.uk/file?uri=/economy/inflationandpriceindices/datasets/consumerpriceindices/current/mm23.csv
    deps:
    - path: download.py
      hash: md5
      md5: edf996605b8b03b6684b8969ab19a825
      size: 333
    outs:
    - path: ../../data/raw/mm23.csv
      hash: md5
      md5: 0468081e088089bde84fddd7f1f0e280
      size: 22055908
  download@unem:
    cmd: python download.py unem 
      https://www.ons.gov.uk/file?uri=/employmentandlabourmarket/peoplenotinwork/unemployment/datasets/claimantcountandvacanciesdataset/current/unem.csv
    deps:
    - path: download.py
      hash: md5
      md5: edf996605b8b03b6684b8969ab19a825
      size: 333
    outs:
    - path: ../../data/raw/unem.csv
      hash: md5
      md5: 4a8eba72f0d513f1e73204235600def2
      size: 1625421
  download@lms:
    cmd: python download.py lms 
      https://www.ons.gov.uk/file?uri=/employmentandlabourmarket/peopleinwork/employmentandemployeetypes/datasets/labourmarketstatistics/current/lms.csv
    deps:
    - path: download.py
      hash: md5
      md5: edf996605b8b03b6684b8969ab19a825
      size: 333
    outs:
    - path: ../../data/raw/lms.csv
      hash: md5
      md5: cf3c1ce387b5842b52fb750ab50601fc
      size: 11148589
